
Microsoft Visual Studio Solution File, Format Version 12.00
# Visual Studio Version 17
VisualStudioVersion = 17.14.36429.23 d17.14
MinimumVisualStudioVersion = 10.0.40219.1
Project("{FAE04EC0-301F-11D3-BF4B-00C04F79EFBC}") = "Wpf.Container", "Wpf.Container\Wpf.Container.csproj", "{96D589D5-C34D-4D3A-97EE-2DC54B1E769E}"
EndProject
Project("{FAE04EC0-301F-11D3-BF4B-00C04F79EFBC}") = "Wpf.Container.Test", "Wpf.Container.Test\Wpf.Container.Test.csproj", "{EB480C04-7645-4788-A7B4-30A95252BD1F}"
EndProject
Project("{FAE04EC0-301F-11D3-BF4B-00C04F79EFBC}") = "Container.Core", "Container.Core\Container.Core.csproj", "{559E9950-8825-4C3C-8608-8205623C3B5E}"
EndProject
Project("{FAE04EC0-301F-11D3-BF4B-00C04F79EFBC}") = "Avalonia.Container", "Avalonia.Container\Avalonia.Container.csproj", "{35A1A162-A79C-4092-A1AD-FF506915C048}"
EndProject
Project("{2150E333-8FDC-42A3-9474-1A3956D46DE8}") = "Code", "Code", "{C8D5274F-AC00-46C7-1F8D-E88E81087A52}"
EndProject
Project("{2150E333-8FDC-42A3-9474-1A3956D46DE8}") = "Test", "Test", "{6274917E-E472-4C18-BF8D-BA3DCFE19699}"
EndProject
Project("{FAE04EC0-301F-11D3-BF4B-00C04F79EFBC}") = "Avalonia.Container.Test", "Avalonia.Container.Test\Avalonia.Container.Test.csproj", "{421243E3-4F7A-4ADA-A7E8-3A18669EDAC8}"
EndProject
Global
	GlobalSection(SolutionConfigurationPlatforms) = preSolution
		Debug|Any CPU = Debug|Any CPU
		Release|Any CPU = Release|Any CPU
	EndGlobalSection
	GlobalSection(ProjectConfigurationPlatforms) = postSolution
		{96D589D5-C34D-4D3A-97EE-2DC54B1E769E}.Debug|Any CPU.ActiveCfg = Debug|Any CPU
		{96D589D5-C34D-4D3A-97EE-2DC54B1E769E}.Debug|Any CPU.Build.0 = Debug|Any CPU
		{96D589D5-C34D-4D3A-97EE-2DC54B1E769E}.Release|Any CPU.ActiveCfg = Release|Any CPU
		{96D589D5-C34D-4D3A-97EE-2DC54B1E769E}.Release|Any CPU.Build.0 = Release|Any CPU
		{EB480C04-7645-4788-A7B4-30A95252BD1F}.Debug|Any CPU.ActiveCfg = Debug|Any CPU
		{EB480C04-7645-4788-A7B4-30A95252BD1F}.Debug|Any CPU.Build.0 = Debug|Any CPU
		{EB480C04-7645-4788-A7B4-30A95252BD1F}.Release|Any CPU.ActiveCfg = Release|Any CPU
		{EB480C04-7645-4788-A7B4-30A95252BD1F}.Release|Any CPU.Build.0 = Release|Any CPU
		{559E9950-8825-4C3C-8608-8205623C3B5E}.Debug|Any CPU.ActiveCfg = Debug|Any CPU
		{559E9950-8825-4C3C-8608-8205623C3B5E}.Debug|Any CPU.Build.0 = Debug|Any CPU
		{559E9950-8825-4C3C-8608-8205623C3B5E}.Release|Any CPU.ActiveCfg = Release|Any CPU
		{559E9950-8825-4C3C-8608-8205623C3B5E}.Release|Any CPU.Build.0 = Release|Any CPU
		{35A1A162-A79C-4092-A1AD-FF506915C048}.Debug|Any CPU.ActiveCfg = Debug|Any CPU
		{35A1A162-A79C-4092-A1AD-FF506915C048}.Debug|Any CPU.Build.0 = Debug|Any CPU
		{35A1A162-A79C-4092-A1AD-FF506915C048}.Release|Any CPU.ActiveCfg = Release|Any CPU
		{35A1A162-A79C-4092-A1AD-FF506915C048}.Release|Any CPU.Build.0 = Release|Any CPU
		{421243E3-4F7A-4ADA-A7E8-3A18669EDAC8}.Debug|Any CPU.ActiveCfg = Debug|Any CPU
		{421243E3-4F7A-4ADA-A7E8-3A18669EDAC8}.Debug|Any CPU.Build.0 = Debug|Any CPU
		{421243E3-4F7A-4ADA-A7E8-3A18669EDAC8}.Release|Any CPU.ActiveCfg = Release|Any CPU
		{421243E3-4F7A-4ADA-A7E8-3A18669EDAC8}.Release|Any CPU.Build.0 = Release|Any CPU
	EndGlobalSection
	GlobalSection(SolutionProperties) = preSolution
		HideSolutionNode = FALSE
	EndGlobalSection
	GlobalSection(NestedProjects) = preSolution
		{96D589D5-C34D-4D3A-97EE-2DC54B1E769E} = {C8D5274F-AC00-46C7-1F8D-E88E81087A52}
		{EB480C04-7645-4788-A7B4-30A95252BD1F} = {6274917E-E472-4C18-BF8D-BA3DCFE19699}
		{559E9950-8825-4C3C-8608-8205623C3B5E} = {C8D5274F-AC00-46C7-1F8D-E88E81087A52}
		{35A1A162-A79C-4092-A1AD-FF506915C048} = {C8D5274F-AC00-46C7-1F8D-E88E81087A52}
		{421243E3-4F7A-4ADA-A7E8-3A18669EDAC8} = {6274917E-E472-4C18-BF8D-BA3DCFE19699}
	EndGlobalSection
	GlobalSection(ExtensibilityGlobals) = postSolution
		SolutionGuid = {960B2C8C-54D2-4379-857B-80F7D9896A95}
	EndGlobalSection
EndGlobal
